
Microsoft Visual Studio Solution File, Format Version 12.00
# Visual Studio Version 17
VisualStudioVersion = 17.0.31903.59
MinimumVisualStudioVersion = 10.0.40219.1
Project("{FAE04EC0-301F-11D3-BF4B-00C04F79EFBC}") = "WindowsFormsApp8", "WindowsFormsApp8\WindowsFormsApp8.csproj", "{0CD0752C-D3FD-48C9-BB9C-718C8FC50507}"
EndProject
Global
	GlobalSection(SolutionConfigurationPlatforms) = preSolution
		Debug|Any CPU = Debug|Any CPU
		Release|Any CPU = Release|Any CPU
	EndGlobalSection
	GlobalSection(ProjectConfigurationPlatforms) = postSolution
		{0CD0752C-D3FD-48C9-BB9C-718C8FC50507}.Debug|Any CPU.ActiveCfg = Debug|Any CPU
		{0CD0752C-D3FD-48C9-BB9C-718C8FC50507}.Debug|Any CPU.Build.0 = Debug|Any CPU
		{0CD0752C-D3FD-48C9-BB9C-718C8FC50507}.Release|Any CPU.ActiveCfg = Release|Any CPU
		{0CD0752C-D3FD-48C9-BB9C-718C8FC50507}.Release|Any CPU.Build.0 = Release|Any CPU
	EndGlobalSection
	GlobalSection(SolutionProperties) = preSolution
		HideSolutionNode = FALSE
	EndGlobalSection
	GlobalSection(ExtensibilityGlobals) = postSolution
		SolutionGuid = {AAF20A58-5AD4-4A92-B434-C9DE5261432B}
	EndGlobalSection
EndGlobal
